
Microsoft Visual Studio Solution File, Format Version 12.00
# Visual Studio Version 16
VisualStudioVersion = 16.0.31410.357
MinimumVisualStudioVersion = 10.0.40219.1
Project("{FAE04EC0-301F-11D3-BF4B-00C04F79EFBC}") = "LabAutomapper", "LabAutomapper.csproj", "{5726ABD8-96E3-454A-815D-DE12F8D96A0B}"
EndProject
Global
	GlobalSection(SolutionConfigurationPlatforms) = preSolution
		Debug|Any CPU = Debug|Any CPU
		Release|Any CPU = Release|Any CPU
	EndGlobalSection
	GlobalSection(ProjectConfigurationPlatforms) = postSolution
		{5726ABD8-96E3-454A-815D-DE12F8D96A0B}.Debug|Any CPU.ActiveCfg = Debug|Any CPU
		{5726ABD8-96E3-454A-815D-DE12F8D96A0B}.Debug|Any CPU.Build.0 = Debug|Any CPU
		{5726ABD8-96E3-454A-815D-DE12F8D96A0B}.Release|Any CPU.ActiveCfg = Release|Any CPU
		{5726ABD8-96E3-454A-815D-DE12F8D96A0B}.Release|Any CPU.Build.0 = Release|Any CPU
	EndGlobalSection
	GlobalSection(SolutionProperties) = preSolution
		HideSolutionNode = FALSE
	EndGlobalSection
	GlobalSection(ExtensibilityGlobals) = postSolution
		SolutionGuid = {AEDFB0D7-2337-428B-A005-0DE3629D251E}
	EndGlobalSection
EndGlobal
